// !$*UTF8*$!
{
	archiveVersion = 1;
	classes = {
	};
	objectVersion = 50;
	objects = {

/* Begin PBXBuildFile section */
		26B4211023B5F1E9008790E4 /* AppDelegate.swift in Sources */ = {isa = PBXBuildFile; fileRef = 26B4210F23B5F1E9008790E4 /* AppDelegate.swift */; };
		26B4211223B5F1E9008790E4 /* SceneDelegate.swift in Sources */ = {isa = PBXBuildFile; fileRef = 26B4211123B5F1E9008790E4 /* SceneDelegate.swift */; };
		26B4211423B5F1E9008790E4 /* ContentView.swift in Sources */ = {isa = PBXBuildFile; fileRef = 26B4211323B5F1E9008790E4 /* ContentView.swift */; };
		26B4211623B5F1ED008790E4 /* Assets.xcassets in Resources */ = {isa = PBXBuildFile; fileRef = 26B4211523B5F1ED008790E4 /* Assets.xcassets */; };
		26B4211923B5F1ED008790E4 /* Preview Assets.xcassets in Resources */ = {isa = PBXBuildFile; fileRef = 26B4211823B5F1ED008790E4 /* Preview Assets.xcassets */; };
		26B4211C23B5F1ED008790E4 /* LaunchScreen.storyboard in Resources */ = {isa = PBXBuildFile; fileRef = 26B4211A23B5F1ED008790E4 /* LaunchScreen.storyboard */; };
		26B4212723B5F1ED008790E4 /* HolidayBingoTests.swift in Sources */ = {isa = PBXBuildFile; fileRef = 26B4212623B5F1ED008790E4 /* HolidayBingoTests.swift */; };
/* End PBXBuildFile section */

/* Begin PBXContainerItemProxy section */
		26B4212323B5F1ED008790E4 /* PBXContainerItemProxy */ = {
			isa = PBXContainerItemProxy;
			containerPortal = 26B4210423B5F1E8008790E4 /* Project object */;
			proxyType = 1;
			remoteGlobalIDString = 26B4210B23B5F1E8008790E4;
			remoteInfo = HolidayBingo;
		};
/* End PBXContainerItemProxy section */

/* Begin PBXFileReference section */
		26B4210C23B5F1E8008790E4 /* HolidayBingo.app */ = {isa = PBXFileReference; explicitFileType = wrapper.application; includeInIndex = 0; path = HolidayBingo.app; sourceTree = BUILT_PRODUCTS_DIR; };
		26B4210F23B5F1E9008790E4 /* AppDelegate.swift */ = {isa = PBXFileReference; lastKnownFileType = sourcecode.swift; path = AppDelegate.swift; sourceTree = "<group>"; };
		26B4211123B5F1E9008790E4 /* SceneDelegate.swift */ = {isa = PBXFileReference; lastKnownFileType = sourcecode.swift; path = SceneDelegate.swift; sourceTree = "<group>"; };
		26B4211323B5F1E9008790E4 /* ContentView.swift */ = {isa = PBXFileReference; lastKnownFileType = sourcecode.swift; path = ContentView.swift; sourceTree = "<group>"; };
		26B4211523B5F1ED008790E4 /* Assets.xcassets */ = {isa = PBXFileReference; lastKnownFileType = folder.assetcatalog; path = Assets.xcassets; sourceTree = "<group>"; };
		26B4211823B5F1ED008790E4 /* Preview Assets.xcassets */ = {isa = PBXFileReference; lastKnownFileType = folder.assetcatalog; path = "Preview Assets.xcassets"; sourceTree = "<group>"; };
		26B4211B23B5F1ED008790E4 /* Base */ = {isa = PBXFileReference; lastKnownFileType = file.storyboard; name = Base; path = Base.lproj/LaunchScreen.storyboard; sourceTree = "<group>"; };
		26B4211D23B5F1ED008790E4 /* Info.plist */ = {isa = PBXFileReference; lastKnownFileType = text.plist.xml; path = Info.plist; sourceTree = "<group>"; };
		26B4212223B5F1ED008790E4 /* HolidayBingoTests.xctest */ = {isa = PBXFileReference; explicitFileType = wrapper.cfbundle; includeInIndex = 0; path = HolidayBingoTests.xctest; sourceTree = BUILT_PRODUCTS_DIR; };
		26B4212623B5F1ED008790E4 /* HolidayBingoTests.swift */ = {isa = PBXFileReference; lastKnownFileType = sourcecode.swift; path = HolidayBingoTests.swift; sourceTree = "<group>"; };
		26B4212823B5F1ED008790E4 /* Info.plist */ = {isa = PBXFileReference; lastKnownFileType = text.plist.xml; path = Info.plist; sourceTree = "<group>"; };
/* End PBXFileReference section */

/* Begin PBXFrameworksBuildPhase section */
		26B4210923B5F1E8008790E4 /* Frameworks */ = {
			isa = PBXFrameworksBuildPhase;
			buildActionMask = 2147483647;
			files = (
			);
			runOnlyForDeploymentPostprocessing = 0;
		};
		26B4211F23B5F1ED008790E4 /* Frameworks */ = {
			isa = PBXFrameworksBuildPhase;
			buildActionMask = 2147483647;
			files = (
			);
			runOnlyForDeploymentPostprocessing = 0;
		};
/* End PBXFrameworksBuildPhase section */

/* Begin PBXGroup section */
		26B4210323B5F1E8008790E4 = {
			isa = PBXGroup;
			children = (
				26B4210E23B5F1E8008790E4 /* HolidayBingo */,
				26B4212523B5F1ED008790E4 /* HolidayBingoTests */,
				26B4210D23B5F1E8008790E4 /* Products */,
			);
			sourceTree = "<group>";
		};
		26B4210D23B5F1E8008790E4 /* Products */ = {
			isa = PBXGroup;
			children = (
				26B4210C23B5F1E8008790E4 /* HolidayBingo.app */,
				26B4212223B5F1ED008790E4 /* HolidayBingoTests.xctest */,
			);
			name = Products;
			sourceTree = "<group>";
		};
		26B4210E23B5F1E8008790E4 /* HolidayBingo */ = {
			isa = PBXGroup;
			children = (
				26B4210F23B5F1E9008790E4 /* AppDelegate.swift */,
				26B4211123B5F1E9008790E4 /* SceneDelegate.swift */,
				26B4211323B5F1E9008790E4 /* ContentView.swift */,
				26B4211523B5F1ED008790E4 /* Assets.xcassets */,
				26B4211A23B5F1ED008790E4 /* LaunchScreen.storyboard */,
				26B4211D23B5F1ED008790E4 /* Info.plist */,
				26B4211723B5F1ED008790E4 /* Preview Content */,
			);
			path = HolidayBingo;
			sourceTree = "<group>";
		};
		26B4211723B5F1ED008790E4 /* Preview Content */ = {
			isa = PBXGroup;
			children = (
				26B4211823B5F1ED008790E4 /* Preview Assets.xcassets */,
			);
			path = "Preview Content";
			sourceTree = "<group>";
		};
		26B4212523B5F1ED008790E4 /* HolidayBingoTests */ = {
			isa = PBXGroup;
			children = (
				26B4212623B5F1ED008790E4 /* HolidayBingoTests.swift */,
				26B4212823B5F1ED008790E4 /* Info.plist */,
			);
			path = HolidayBingoTests;
			sourceTree = "<group>";
		};
/* End PBXGroup section */

/* Begin PBXNativeTarget section */
		26B4210B23B5F1E8008790E4 /* HolidayBingo */ = {
			isa = PBXNativeTarget;
			buildConfigurationList = 26B4212B23B5F1ED008790E4 /* Build configuration list for PBXNativeTarget "HolidayBingo" */;
			buildPhases = (
				26B4210823B5F1E8008790E4 /* Sources */,
				26B4210923B5F1E8008790E4 /* Frameworks */,
				26B4210A23B5F1E8008790E4 /* Resources */,
			);
			buildRules = (
			);
			dependencies = (
			);
			name = HolidayBingo;
			productName = HolidayBingo;
			productReference = 26B4210C23B5F1E8008790E4 /* HolidayBingo.app */;
			productType = "com.apple.product-type.application";
		};
		26B4212123B5F1ED008790E4 /* HolidayBingoTests */ = {
			isa = PBXNativeTarget;
			buildConfigurationList = 26B4212E23B5F1ED008790E4 /* Build configuration list for PBXNativeTarget "HolidayBingoTests" */;
			buildPhases = (
				26B4211E23B5F1ED008790E4 /* Sources */,
				26B4211F23B5F1ED008790E4 /* Frameworks */,
				26B4212023B5F1ED008790E4 /* Resources */,
			);
			buildRules = (
			);
			dependencies = (
				26B4212423B5F1ED008790E4 /* PBXTargetDependency */,
			);
			name = HolidayBingoTests;
			productName = HolidayBingoTests;
			productReference = 26B4212223B5F1ED008790E4 /* HolidayBingoTests.xctest */;
			productType = "com.apple.product-type.bundle.unit-test";
		};
/* End PBXNativeTarget section */

/* Begin PBXProject section */
		26B4210423B5F1E8008790E4 /* Project object */ = {
			isa = PBXProject;
			attributes = {
				LastSwiftUpdateCheck = 1130;
				LastUpgradeCheck = 1130;
				ORGANIZATIONNAME = "John Penning";
				TargetAttributes = {
					26B4210B23B5F1E8008790E4 = {
						CreatedOnToolsVersion = 11.3;
					};
					26B4212123B5F1ED008790E4 = {
						CreatedOnToolsVersion = 11.3;
						TestTargetID = 26B4210B23B5F1E8008790E4;
					};
				};
			};
			buildConfigurationList = 26B4210723B5F1E8008790E4 /* Build configuration list for PBXProject "HolidayBingo" */;
			compatibilityVersion = "Xcode 9.3";
			developmentRegion = en;
			hasScannedForEncodings = 0;
			knownRegions = (
				en,
				Base,
			);
			mainGroup = 26B4210323B5F1E8008790E4;
			productRefGroup = 26B4210D23B5F1E8008790E4 /* Products */;
			projectDirPath = "";
			projectRoot = "";
			targets = (
				26B4210B23B5F1E8008790E4 /* HolidayBingo */,
				26B4212123B5F1ED008790E4 /* HolidayBingoTests */,
			);
		};
/* End PBXProject section */

/* Begin PBXResourcesBuildPhase section */
		26B4210A23B5F1E8008790E4 /* Resources */ = {
			isa = PBXResourcesBuildPhase;
			buildActionMask = 2147483647;
			files = (
				26B4211C23B5F1ED008790E4 /* LaunchScreen.storyboard in Resources */,
				26B4211923B5F1ED008790E4 /* Preview Assets.xcassets in Resources */,
				26B4211623B5F1ED008790E4 /* Assets.xcassets in Resources */,
			);
			runOnlyForDeploymentPostprocessing = 0;
		};
		26B4212023B5F1ED008790E4 /* Resources */ = {
			isa = PBXResourcesBuildPhase;
			buildActionMask = 2147483647;
			files = (
			);
			runOnlyForDeploymentPostprocessing = 0;
		};
/* End PBXResourcesBuildPhase section */

/* Begin PBXSourcesBuildPhase section */
		26B4210823B5F1E8008790E4 /* Sources */ = {
			isa = PBXSourcesBuildPhase;
			buildActionMask = 2147483647;
			files = (
				26B4211023B5F1E9008790E4 /* AppDelegate.swift in Sources */,
				26B4211223B5F1E9008790E4 /* SceneDelegate.swift in Sources */,
				26B4211423B5F1E9008790E4 /* ContentView.swift in Sources */,
			);
			runOnlyForDeploymentPostprocessing = 0;
		};
		26B4211E23B5F1ED008790E4 /* Sources */ = {
			isa = PBXSourcesBuildPhase;
			buildActionMask = 2147483647;
			files = (
				26B4212723B5F1ED008790E4 /* HolidayBingoTests.swift in Sources */,
			);
			runOnlyForDeploymentPostprocessing = 0;
		};
/* End PBXSourcesBuildPhase section */

/* Begin PBXTargetDependency section */
		26B4212423B5F1ED008790E4 /* PBXTargetDependency */ = {
			isa = PBXTargetDependency;
			target = 26B4210B23B5F1E8008790E4 /* HolidayBingo */;
			targetProxy = 26B4212323B5F1ED008790E4 /* PBXContainerItemProxy */;
		};
/* End PBXTargetDependency section */

/* Begin PBXVariantGroup section */
		26B4211A23B5F1ED008790E4 /* LaunchScreen.storyboard */ = {
			isa = PBXVariantGroup;
			children = (
				26B4211B23B5F1ED008790E4 /* Base */,
			);
			name = LaunchScreen.storyboard;
			sourceTree = "<group>";
		};
/* End PBXVariantGroup section */

/* Begin XCBuildConfiguration section */
		26B4212923B5F1ED008790E4 /* Debug */ = {
			isa = XCBuildConfiguration;
			buildSettings = {
				ALWAYS_SEARCH_USER_PATHS = NO;
				CLANG_ANALYZER_NONNULL = YES;
				CLANG_ANALYZER_NUMBER_OBJECT_CONVERSION = YES_AGGRESSIVE;
				CLANG_CXX_LANGUAGE_STANDARD = "gnu++14";
				CLANG_CXX_LIBRARY = "libc++";
				CLANG_ENABLE_MODULES = YES;
				CLANG_ENABLE_OBJC_ARC = YES;
				CLANG_ENABLE_OBJC_WEAK = YES;
				CLANG_WARN_BLOCK_CAPTURE_AUTORELEASING = YES;
				CLANG_WARN_BOOL_CONVERSION = YES;
				CLANG_WARN_COMMA = YES;
				CLANG_WARN_CONSTANT_CONVERSION = YES;
				CLANG_WARN_DEPRECATED_OBJC_IMPLEMENTATIONS = YES;
				CLANG_WARN_DIRECT_OBJC_ISA_USAGE = YES_ERROR;
				CLANG_WARN_DOCUMENTATION_COMMENTS = YES;
				CLANG_WARN_EMPTY_BODY = YES;
				CLANG_WARN_ENUM_CONVERSION = YES;
				CLANG_WARN_INFINITE_RECURSION = YES;
				CLANG_WARN_INT_CONVERSION = YES;
				CLANG_WARN_NON_LITERAL_NULL_CONVERSION = YES;
				CLANG_WARN_OBJC_IMPLICIT_RETAIN_SELF = YES;
				CLANG_WARN_OBJC_LITERAL_CONVERSION = YES;
				CLANG_WARN_OBJC_ROOT_CLASS = YES_ERROR;
				CLANG_WARN_RANGE_LOOP_ANALYSIS = YES;
				CLANG_WARN_STRICT_PROTOTYPES = YES;
				CLANG_WARN_SUSPICIOUS_MOVE = YES;
				CLANG_WARN_UNGUARDED_AVAILABILITY = YES_AGGRESSIVE;
				CLANG_WARN_UNREACHABLE_CODE = YES;
				CLANG_WARN__DUPLICATE_METHOD_MATCH = YES;
				COPY_PHASE_STRIP = NO;
				DEBUG_INFORMATION_FORMAT = dwarf;
				ENABLE_STRICT_OBJC_MSGSEND = YES;
				ENABLE_TESTABILITY = YES;
				GCC_C_LANGUAGE_STANDARD = gnu11;
				GCC_DYNAMIC_NO_PIC = NO;
				GCC_NO_COMMON_BLOCKS = YES;
				GCC_OPTIMIZATION_LEVEL = 0;
				GCC_PREPROCESSOR_DEFINITIONS = (
					"DEBUG=1",
					"$(inherited)",
				);
				GCC_WARN_64_TO_32_BIT_CONVERSION = YES;
				GCC_WARN_ABOUT_RETURN_TYPE = YES_ERROR;
				GCC_WARN_UNDECLARED_SELECTOR = YES;
				GCC_WARN_UNINITIALIZED_AUTOS = YES_AGGRESSIVE;
				GCC_WARN_UNUSED_FUNCTION = YES;
				GCC_WARN_UNUSED_VARIABLE = YES;
				IPHONEOS_DEPLOYMENT_TARGET = 13.2;
				MTL_ENABLE_DEBUG_INFO = INCLUDE_SOURCE;
				MTL_FAST_MATH = YES;
				ONLY_ACTIVE_ARCH = YES;
				SDKROOT = iphoneos;
				SWIFT_ACTIVE_COMPILATION_CONDITIONS = DEBUG;
				SWIFT_OPTIMIZATION_LEVEL = "-Onone";
			};
			name = Debug;
		};
		26B4212A23B5F1ED008790E4 /* Release */ = {
			isa = XCBuildConfiguration;
			buildSettings = {
				ALWAYS_SEARCH_USER_PATHS = NO;
				CLANG_ANALYZER_NONNULL = YES;
				CLANG_ANALYZER_NUMBER_OBJECT_CONVERSION = YES_AGGRESSIVE;
				CLANG_CXX_LANGUAGE_STANDARD = "gnu++14";
				CLANG_CXX_LIBRARY = "libc++";
				CLANG_ENABLE_MODULES = YES;
				CLANG_ENABLE_OBJC_ARC = YES;
				CLANG_ENABLE_OBJC_WEAK = YES;
				CLANG_WARN_BLOCK_CAPTURE_AUTORELEASING = YES;
				CLANG_WARN_BOOL_CONVERSION = YES;
				CLANG_WARN_COMMA = YES;
				CLANG_WARN_CONSTANT_CONVERSION = YES;
				CLANG_WARN_DEPRECATED_OBJC_IMPLEMENTATIONS = YES;
				CLANG_WARN_DIRECT_OBJC_ISA_USAGE = YES_ERROR;
				CLANG_WARN_DOCUMENTATION_COMMENTS = YES;
				CLANG_WARN_EMPTY_BODY = YES;
				CLANG_WARN_ENUM_CONVERSION = YES;
				CLANG_WARN_INFINITE_RECURSION = YES;
				CLANG_WARN_INT_CONVERSION = YES;
				CLANG_WARN_NON_LITERAL_NULL_CONVERSION = YES;
				CLANG_WARN_OBJC_IMPLICIT_RETAIN_SELF = YES;
				CLANG_WARN_OBJC_LITERAL_CONVERSION = YES;
				CLANG_WARN_OBJC_ROOT_CLASS = YES_ERROR;
				CLANG_WARN_RANGE_LOOP_ANALYSIS = YES;
				CLANG_WARN_STRICT_PROTOTYPES = YES;
				CLANG_WARN_SUSPICIOUS_MOVE = YES;
				CLANG_WARN_UNGUARDED_AVAILABILITY = YES_AGGRESSIVE;
				CLANG_WARN_UNREACHABLE_CODE = YES;
				CLANG_WARN__DUPLICATE_METHOD_MATCH = YES;
				COPY_PHASE_STRIP = NO;
				DEBUG_INFORMATION_FORMAT = "dwarf-with-dsym";
				ENABLE_NS_ASSERTIONS = NO;
				ENABLE_STRICT_OBJC_MSGSEND = YES;
				GCC_C_LANGUAGE_STANDARD = gnu11;
				GCC_NO_COMMON_BLOCKS = YES;
				GCC_WARN_64_TO_32_BIT_CONVERSION = YES;
				GCC_WARN_ABOUT_RETURN_TYPE = YES_ERROR;
				GCC_WARN_UNDECLARED_SELECTOR = YES;
				GCC_WARN_UNINITIALIZED_AUTOS = YES_AGGRESSIVE;
				GCC_WARN_UNUSED_FUNCTION = YES;
				GCC_WARN_UNUSED_VARIABLE = YES;
				IPHONEOS_DEPLOYMENT_TARGET = 13.2;
				MTL_ENABLE_DEBUG_INFO = NO;
				MTL_FAST_MATH = YES;
				SDKROOT = iphoneos;
				SWIFT_COMPILATION_MODE = wholemodule;
				SWIFT_OPTIMIZATION_LEVEL = "-O";
				VALIDATE_PRODUCT = YES;
			};
			name = Release;
		};
		26B4212C23B5F1ED008790E4 /* Debug */ = {
			isa = XCBuildConfiguration;
			buildSettings = {
				ASSETCATALOG_COMPILER_APPICON_NAME = AppIcon;
				CODE_SIGN_STYLE = Automatic;
				DEVELOPMENT_ASSET_PATHS = "\"HolidayBingo/Preview Content\"";
				DEVELOPMENT_TEAM = SDRKXFSGFJ;
				ENABLE_PREVIEWS = YES;
				INFOPLIST_FILE = HolidayBingo/Info.plist;
				LD_RUNPATH_SEARCH_PATHS = (
					"$(inherited)",
					"@executable_path/Frameworks",
				);
				PRODUCT_BUNDLE_IDENTIFIER = com.johnpenning.HolidayBingo;
				PRODUCT_NAME = "$(TARGET_NAME)";
				SWIFT_VERSION = 5.0;
				TARGETED_DEVICE_FAMILY = "1,2";
			};
			name = Debug;
		};
		26B4212D23B5F1ED008790E4 /* Release */ = {
			isa = XCBuildConfiguration;
			buildSettings = {
				ASSETCATALOG_COMPILER_APPICON_NAME = AppIcon;
				CODE_SIGN_STYLE = Automatic;
				DEVELOPMENT_ASSET_PATHS = "\"HolidayBingo/Preview Content\"";
				DEVELOPMENT_TEAM = SDRKXFSGFJ;
				ENABLE_PREVIEWS = YES;
				INFOPLIST_FILE = HolidayBingo/Info.plist;
				LD_RUNPATH_SEARCH_PATHS = (
					"$(inherited)",
					"@executable_path/Frameworks",
				);
				PRODUCT_BUNDLE_IDENTIFIER = com.johnpenning.HolidayBingo;
				PRODUCT_NAME = "$(TARGET_NAME)";
				SWIFT_VERSION = 5.0;
				TARGETED_DEVICE_FAMILY = "1,2";
			};
			name = Release;
		};
		26B4212F23B5F1ED008790E4 /* Debug */ = {
			isa = XCBuildConfiguration;
			buildSettings = {
				ALWAYS_EMBED_SWIFT_STANDARD_LIBRARIES = YES;
				BUNDLE_LOADER = "$(TEST_HOST)";
				CODE_SIGN_STYLE = Automatic;
				DEVELOPMENT_TEAM = SDRKXFSGFJ;
				INFOPLIST_FILE = HolidayBingoTests/Info.plist;
				IPHONEOS_DEPLOYMENT_TARGET = 13.2;
				LD_RUNPATH_SEARCH_PATHS = (
					"$(inherited)",
					"@executable_path/Frameworks",
					"@loader_path/Frameworks",
				);
				PRODUCT_BUNDLE_IDENTIFIER = com.johnpenning.HolidayBingoTests;
				PRODUCT_NAME = "$(TARGET_NAME)";
				SWIFT_VERSION = 5.0;
				TARGETED_DEVICE_FAMILY = "1,2";
				TEST_HOST = "$(BUILT_PRODUCTS_DIR)/HolidayBingo.app/HolidayBingo";
			};
			name = Debug;
		};
		26B4213023B5F1ED008790E4 /* Release */ = {
			isa = XCBuildConfiguration;
			buildSettings = {
				ALWAYS_EMBED_SWIFT_STANDARD_LIBRARIES = YES;
				BUNDLE_LOADER = "$(TEST_HOST)";
				CODE_SIGN_STYLE = Automatic;
				DEVELOPMENT_TEAM = SDRKXFSGFJ;
				INFOPLIST_FILE = HolidayBingoTests/Info.plist;
				IPHONEOS_DEPLOYMENT_TARGET = 13.2;
				LD_RUNPATH_SEARCH_PATHS = (
					"$(inherited)",
					"@executable_path/Frameworks",
					"@loader_path/Frameworks",
				);
				PRODUCT_BUNDLE_IDENTIFIER = com.johnpenning.HolidayBingoTests;
				PRODUCT_NAME = "$(TARGET_NAME)";
				SWIFT_VERSION = 5.0;
				TARGETED_DEVICE_FAMILY = "1,2";
				TEST_HOST = "$(BUILT_PRODUCTS_DIR)/HolidayBingo.app/HolidayBingo";
			};
			name = Release;
		};
/* End XCBuildConfiguration section */

/* Begin XCConfigurationList section */
		26B4210723B5F1E8008790E4 /* Build configuration list for PBXProject "HolidayBingo" */ = {
			isa = XCConfigurationList;
			buildConfigurations = (
				26B4212923B5F1ED008790E4 /* Debug */,
				26B4212A23B5F1ED008790E4 /* Release */,
			);
			defaultConfigurationIsVisible = 0;
			defaultConfigurationName = Release;
		};
		26B4212B23B5F1ED008790E4 /* Build configuration list for PBXNativeTarget "HolidayBingo" */ = {
			isa = XCConfigurationList;
			buildConfigurations = (
				26B4212C23B5F1ED008790E4 /* Debug */,
				26B4212D23B5F1ED008790E4 /* Release */,
			);
			defaultConfigurationIsVisible = 0;
			defaultConfigurationName = Release;
		};
		26B4212E23B5F1ED008790E4 /* Build configuration list for PBXNativeTarget "HolidayBingoTests" */ = {
			isa = XCConfigurationList;
			buildConfigurations = (
				26B4212F23B5F1ED008790E4 /* Debug */,
				26B4213023B5F1ED008790E4 /* Release */,
			);
			defaultConfigurationIsVisible = 0;
			defaultConfigurationName = Release;
		};
/* End XCConfigurationList section */
	};
	rootObject = 26B4210423B5F1E8008790E4 /* Project object */;
}
